
Microsoft Visual Studio Solution File, Format Version 12.00
# Visual Studio 15
VisualStudioVersion = 15.0.27703.2000
MinimumVisualStudioVersion = 10.0.40219.1
Project("{FAE04EC0-301F-11D3-BF4B-00C04F79EFBC}") = "DemoToDoApp.Server", "DemoToDoApp.Server\DemoToDoApp.Server.csproj", "{011FD926-784D-4833-8ECD-713C7A0534B7}"
EndProject
Project("{FAE04EC0-301F-11D3-BF4B-00C04F79EFBC}") = "DemoToDoApp.Client", "DemoToDoApp.Client\DemoToDoApp.Client.csproj", "{FC1C2D8E-ACA8-4CCC-8C87-95EC92077473}"
EndProject
Project("{FAE04EC0-301F-11D3-BF4B-00C04F79EFBC}") = "DemoToDoApp.Shared", "DemoToDoApp.Shared\DemoToDoApp.Shared.csproj", "{A7997B37-4AA6-478B-8039-980977AB3A6A}"
EndProject
Global
	GlobalSection(SolutionConfigurationPlatforms) = preSolution
		Debug|Any CPU = Debug|Any CPU
		Release|Any CPU = Release|Any CPU
	EndGlobalSection
	GlobalSection(ProjectConfigurationPlatforms) = postSolution
		{011FD926-784D-4833-8ECD-713C7A0534B7}.Debug|Any CPU.ActiveCfg = Debug|Any CPU
		{011FD926-784D-4833-8ECD-713C7A0534B7}.Debug|Any CPU.Build.0 = Debug|Any CPU
		{011FD926-784D-4833-8ECD-713C7A0534B7}.Release|Any CPU.ActiveCfg = Release|Any CPU
		{011FD926-784D-4833-8ECD-713C7A0534B7}.Release|Any CPU.Build.0 = Release|Any CPU
		{FC1C2D8E-ACA8-4CCC-8C87-95EC92077473}.Debug|Any CPU.ActiveCfg = Debug|Any CPU
		{FC1C2D8E-ACA8-4CCC-8C87-95EC92077473}.Debug|Any CPU.Build.0 = Debug|Any CPU
		{FC1C2D8E-ACA8-4CCC-8C87-95EC92077473}.Release|Any CPU.ActiveCfg = Release|Any CPU
		{FC1C2D8E-ACA8-4CCC-8C87-95EC92077473}.Release|Any CPU.Build.0 = Release|Any CPU
		{A7997B37-4AA6-478B-8039-980977AB3A6A}.Debug|Any CPU.ActiveCfg = Debug|Any CPU
		{A7997B37-4AA6-478B-8039-980977AB3A6A}.Debug|Any CPU.Build.0 = Debug|Any CPU
		{A7997B37-4AA6-478B-8039-980977AB3A6A}.Release|Any CPU.ActiveCfg = Release|Any CPU
		{A7997B37-4AA6-478B-8039-980977AB3A6A}.Release|Any CPU.Build.0 = Release|Any CPU
	EndGlobalSection
	GlobalSection(SolutionProperties) = preSolution
		HideSolutionNode = FALSE
	EndGlobalSection
	GlobalSection(ExtensibilityGlobals) = postSolution
		SolutionGuid = {0965CA03-01C2-402D-B2CC-2B51C822ACE8}
	EndGlobalSection
EndGlobal
